// !$*UTF8*$!
{
	archiveVersion = 1;
	classes = {
	};
	objectVersion = 50;
	objects = {

/* Begin PBXBuildFile section */
		D4635A6D20CBA76A00EEDFF7 /* AppDelegate.m in Sources */ = {isa = PBXBuildFile; fileRef = D4635A6C20CBA76A00EEDFF7 /* AppDelegate.m */; };
		D4635A7020CBA76A00EEDFF7 /* ViewController.m in Sources */ = {isa = PBXBuildFile; fileRef = D4635A6F20CBA76A00EEDFF7 /* ViewController.m */; };
		D4635A7320CBA76A00EEDFF7 /* Main.storyboard in Resources */ = {isa = PBXBuildFile; fileRef = D4635A7120CBA76A00EEDFF7 /* Main.storyboard */; };
		D4635A7520CBA76B00EEDFF7 /* Assets.xcassets in Resources */ = {isa = PBXBuildFile; fileRef = D4635A7420CBA76B00EEDFF7 /* Assets.xcassets */; };
		D4635A7820CBA76B00EEDFF7 /* LaunchScreen.storyboard in Resources */ = {isa = PBXBuildFile; fileRef = D4635A7620CBA76B00EEDFF7 /* LaunchScreen.storyboard */; };
		D4635A7B20CBA76B00EEDFF7 /* main.m in Sources */ = {isa = PBXBuildFile; fileRef = D4635A7A20CBA76B00EEDFF7 /* main.m */; };
		D4635A8520CBA78B00EEDFF7 /* TTImageClipperViewController.xib in Resources */ = {isa = PBXBuildFile; fileRef = D4635A8320CBA78B00EEDFF7 /* TTImageClipperViewController.xib */; };
		D4635A8620CBA78B00EEDFF7 /* TTImageClipperViewController.m in Sources */ = {isa = PBXBuildFile; fileRef = D4635A8420CBA78B00EEDFF7 /* TTImageClipperViewController.m */; };
/* End PBXBuildFile section */

/* Begin PBXFileReference section */
		D4635A6820CBA76A00EEDFF7 /* TTImageClipper.app */ = {isa = PBXFileReference; explicitFileType = wrapper.application; includeInIndex = 0; path = TTImageClipper.app; sourceTree = BUILT_PRODUCTS_DIR; };
		D4635A6B20CBA76A00EEDFF7 /* AppDelegate.h */ = {isa = PBXFileReference; lastKnownFileType = sourcecode.c.h; path = AppDelegate.h; sourceTree = "<group>"; };
		D4635A6C20CBA76A00EEDFF7 /* AppDelegate.m */ = {isa = PBXFileReference; lastKnownFileType = sourcecode.c.objc; path = AppDelegate.m; sourceTree = "<group>"; };
		D4635A6E20CBA76A00EEDFF7 /* ViewController.h */ = {isa = PBXFileReference; lastKnownFileType = sourcecode.c.h; path = ViewController.h; sourceTree = "<group>"; };
		D4635A6F20CBA76A00EEDFF7 /* ViewController.m */ = {isa = PBXFileReference; lastKnownFileType = sourcecode.c.objc; path = ViewController.m; sourceTree = "<group>"; };
		D4635A7220CBA76A00EEDFF7 /* Base */ = {isa = PBXFileReference; lastKnownFileType = file.storyboard; name = Base; path = Base.lproj/Main.storyboard; sourceTree = "<group>"; };
		D4635A7420CBA76B00EEDFF7 /* Assets.xcassets */ = {isa = PBXFileReference; lastKnownFileType = folder.assetcatalog; path = Assets.xcassets; sourceTree = "<group>"; };
		D4635A7720CBA76B00EEDFF7 /* Base */ = {isa = PBXFileReference; lastKnownFileType = file.storyboard; name = Base; path = Base.lproj/LaunchScreen.storyboard; sourceTree = "<group>"; };
		D4635A7920CBA76B00EEDFF7 /* Info.plist */ = {isa = PBXFileReference; lastKnownFileType = text.plist.xml; path = Info.plist; sourceTree = "<group>"; };
		D4635A7A20CBA76B00EEDFF7 /* main.m */ = {isa = PBXFileReference; lastKnownFileType = sourcecode.c.objc; path = main.m; sourceTree = "<group>"; };
		D4635A8220CBA78B00EEDFF7 /* TTImageClipperViewController.h */ = {isa = PBXFileReference; fileEncoding = 4; lastKnownFileType = sourcecode.c.h; path = TTImageClipperViewController.h; sourceTree = "<group>"; };
		D4635A8320CBA78B00EEDFF7 /* TTImageClipperViewController.xib */ = {isa = PBXFileReference; fileEncoding = 4; lastKnownFileType = file.xib; path = TTImageClipperViewController.xib; sourceTree = "<group>"; };
		D4635A8420CBA78B00EEDFF7 /* TTImageClipperViewController.m */ = {isa = PBXFileReference; fileEncoding = 4; lastKnownFileType = sourcecode.c.objc; path = TTImageClipperViewController.m; sourceTree = "<group>"; };
/* End PBXFileReference section */

/* Begin PBXFrameworksBuildPhase section */
		D4635A6520CBA76A00EEDFF7 /* Frameworks */ = {
			isa = PBXFrameworksBuildPhase;
			buildActionMask = 2147483647;
			files = (
			);
			runOnlyForDeploymentPostprocessing = 0;
		};
/* End PBXFrameworksBuildPhase section */

/* Begin PBXGroup section */
		D4635A5F20CBA76A00EEDFF7 = {
			isa = PBXGroup;
			children = (
				D4635A6A20CBA76A00EEDFF7 /* TTImageClipper */,
				D4635A6920CBA76A00EEDFF7 /* Products */,
			);
			sourceTree = "<group>";
		};
		D4635A6920CBA76A00EEDFF7 /* Products */ = {
			isa = PBXGroup;
			children = (
				D4635A6820CBA76A00EEDFF7 /* TTImageClipper.app */,
			);
			name = Products;
			sourceTree = "<group>";
		};
		D4635A6A20CBA76A00EEDFF7 /* TTImageClipper */ = {
			isa = PBXGroup;
			children = (
				D4635A8120CBA78B00EEDFF7 /* Clipper */,
				D4635A6B20CBA76A00EEDFF7 /* AppDelegate.h */,
				D4635A6C20CBA76A00EEDFF7 /* AppDelegate.m */,
				D4635A6E20CBA76A00EEDFF7 /* ViewController.h */,
				D4635A6F20CBA76A00EEDFF7 /* ViewController.m */,
				D4635A7120CBA76A00EEDFF7 /* Main.storyboard */,
				D4635A7420CBA76B00EEDFF7 /* Assets.xcassets */,
				D4635A7620CBA76B00EEDFF7 /* LaunchScreen.storyboard */,
				D4635A7920CBA76B00EEDFF7 /* Info.plist */,
				D4635A7A20CBA76B00EEDFF7 /* main.m */,
			);
			path = TTImageClipper;
			sourceTree = "<group>";
		};
		D4635A8120CBA78B00EEDFF7 /* Clipper */ = {
			isa = PBXGroup;
			children = (
				D4635A8220CBA78B00EEDFF7 /* TTImageClipperViewController.h */,
				D4635A8320CBA78B00EEDFF7 /* TTImageClipperViewController.xib */,
				D4635A8420CBA78B00EEDFF7 /* TTImageClipperViewController.m */,
			);
			path = Clipper;
			sourceTree = "<group>";
		};
/* End PBXGroup section */

/* Begin PBXNativeTarget section */
		D4635A6720CBA76A00EEDFF7 /* TTImageClipper */ = {
			isa = PBXNativeTarget;
			buildConfigurationList = D4635A7E20CBA76B00EEDFF7 /* Build configuration list for PBXNativeTarget "TTImageClipper" */;
			buildPhases = (
				D4635A6420CBA76A00EEDFF7 /* Sources */,
				D4635A6520CBA76A00EEDFF7 /* Frameworks */,
				D4635A6620CBA76A00EEDFF7 /* Resources */,
			);
			buildRules = (
			);
			dependencies = (
			);
			name = TTImageClipper;
			productName = TTImageClipper;
			productReference = D4635A6820CBA76A00EEDFF7 /* TTImageClipper.app */;
			productType = "com.apple.product-type.application";
		};
/* End PBXNativeTarget section */

/* Begin PBXProject section */
		D4635A6020CBA76A00EEDFF7 /* Project object */ = {
			isa = PBXProject;
			attributes = {
				LastUpgradeCheck = 0940;
				ORGANIZATIONNAME = tanson;
				TargetAttributes = {
					D4635A6720CBA76A00EEDFF7 = {
						CreatedOnToolsVersion = 9.4;
					};
				};
			};
			buildConfigurationList = D4635A6320CBA76A00EEDFF7 /* Build configuration list for PBXProject "TTImageClipper" */;
			compatibilityVersion = "Xcode 9.3";
			developmentRegion = en;
			hasScannedForEncodings = 0;
			knownRegions = (
				en,
				Base,
			);
			mainGroup = D4635A5F20CBA76A00EEDFF7;
			productRefGroup = D4635A6920CBA76A00EEDFF7 /* Products */;
			projectDirPath = "";
			projectRoot = "";
			targets = (
				D4635A6720CBA76A00EEDFF7 /* TTImageClipper */,
			);
		};
/* End PBXProject section */

/* Begin PBXResourcesBuildPhase section */
		D4635A6620CBA76A00EEDFF7 /* Resources */ = {
			isa = PBXResourcesBuildPhase;
			buildActionMask = 2147483647;
			files = (
				D4635A8520CBA78B00EEDFF7 /* TTImageClipperViewController.xib in Resources */,
				D4635A7820CBA76B00EEDFF7 /* LaunchScreen.storyboard in Resources */,
				D4635A7520CBA76B00EEDFF7 /* Assets.xcassets in Resources */,
				D4635A7320CBA76A00EEDFF7 /* Main.storyboard in Resources */,
			);
			runOnlyForDeploymentPostprocessing = 0;
		};
/* End PBXResourcesBuildPhase section */

/* Begin PBXSourcesBuildPhase section */
		D4635A6420CBA76A00EEDFF7 /* Sources */ = {
			isa = PBXSourcesBuildPhase;
			buildActionMask = 2147483647;
			files = (
				D4635A8620CBA78B00EEDFF7 /* TTImageClipperViewController.m in Sources */,
				D4635A7020CBA76A00EEDFF7 /* ViewController.m in Sources */,
				D4635A7B20CBA76B00EEDFF7 /* main.m in Sources */,
				D4635A6D20CBA76A00EEDFF7 /* AppDelegate.m in Sources */,
			);
			runOnlyForDeploymentPostprocessing = 0;
		};
/* End PBXSourcesBuildPhase section */

/* Begin PBXVariantGroup section */
		D4635A7120CBA76A00EEDFF7 /* Main.storyboard */ = {
			isa = PBXVariantGroup;
			children = (
				D4635A7220CBA76A00EEDFF7 /* Base */,
			);
			name = Main.storyboard;
			sourceTree = "<group>";
		};
		D4635A7620CBA76B00EEDFF7 /* LaunchScreen.storyboard */ = {
			isa = PBXVariantGroup;
			children = (
				D4635A7720CBA76B00EEDFF7 /* Base */,
			);
			name = LaunchScreen.storyboard;
			sourceTree = "<group>";
		};
/* End PBXVariantGroup section */

/* Begin XCBuildConfiguration section */
		D4635A7C20CBA76B00EEDFF7 /* Debug */ = {
			isa = XCBuildConfiguration;
			buildSettings = {
				ALWAYS_SEARCH_USER_PATHS = NO;
				CLANG_ANALYZER_NONNULL = YES;
				CLANG_ANALYZER_NUMBER_OBJECT_CONVERSION = YES_AGGRESSIVE;
				CLANG_CXX_LANGUAGE_STANDARD = "gnu++14";
				CLANG_CXX_LIBRARY = "libc++";
				CLANG_ENABLE_MODULES = YES;
				CLANG_ENABLE_OBJC_ARC = YES;
				CLANG_ENABLE_OBJC_WEAK = YES;
				CLANG_WARN_BLOCK_CAPTURE_AUTORELEASING = YES;
				CLANG_WARN_BOOL_CONVERSION = YES;
				CLANG_WARN_COMMA = YES;
				CLANG_WARN_CONSTANT_CONVERSION = YES;
				CLANG_WARN_DEPRECATED_OBJC_IMPLEMENTATIONS = YES;
				CLANG_WARN_DIRECT_OBJC_ISA_USAGE = YES_ERROR;
				CLANG_WARN_DOCUMENTATION_COMMENTS = YES;
				CLANG_WARN_EMPTY_BODY = YES;
				CLANG_WARN_ENUM_CONVERSION = YES;
				CLANG_WARN_INFINITE_RECURSION = YES;
				CLANG_WARN_INT_CONVERSION = YES;
				CLANG_WARN_NON_LITERAL_NULL_CONVERSION = YES;
				CLANG_WARN_OBJC_IMPLICIT_RETAIN_SELF = YES;
				CLANG_WARN_OBJC_LITERAL_CONVERSION = YES;
				CLANG_WARN_OBJC_ROOT_CLASS = YES_ERROR;
				CLANG_WARN_RANGE_LOOP_ANALYSIS = YES;
				CLANG_WARN_STRICT_PROTOTYPES = YES;
				CLANG_WARN_SUSPICIOUS_MOVE = YES;
				CLANG_WARN_UNGUARDED_AVAILABILITY = YES_AGGRESSIVE;
				CLANG_WARN_UNREACHABLE_CODE = YES;
				CLANG_WARN__DUPLICATE_METHOD_MATCH = YES;
				CODE_SIGN_IDENTITY = "iPhone Developer";
				COPY_PHASE_STRIP = NO;
				DEBUG_INFORMATION_FORMAT = dwarf;
				ENABLE_STRICT_OBJC_MSGSEND = YES;
				ENABLE_TESTABILITY = YES;
				GCC_C_LANGUAGE_STANDARD = gnu11;
				GCC_DYNAMIC_NO_PIC = NO;
				GCC_NO_COMMON_BLOCKS = YES;
				GCC_OPTIMIZATION_LEVEL = 0;
				GCC_PREPROCESSOR_DEFINITIONS = (
					"DEBUG=1",
					"$(inherited)",
				);
				GCC_WARN_64_TO_32_BIT_CONVERSION = YES;
				GCC_WARN_ABOUT_RETURN_TYPE = YES_ERROR;
				GCC_WARN_UNDECLARED_SELECTOR = YES;
				GCC_WARN_UNINITIALIZED_AUTOS = YES_AGGRESSIVE;
				GCC_WARN_UNUSED_FUNCTION = YES;
				GCC_WARN_UNUSED_VARIABLE = YES;
				IPHONEOS_DEPLOYMENT_TARGET = 11.4;
				MTL_ENABLE_DEBUG_INFO = YES;
				ONLY_ACTIVE_ARCH = YES;
				SDKROOT = iphoneos;
			};
			name = Debug;
		};
		D4635A7D20CBA76B00EEDFF7 /* Release */ = {
			isa = XCBuildConfiguration;
			buildSettings = {
				ALWAYS_SEARCH_USER_PATHS = NO;
				CLANG_ANALYZER_NONNULL = YES;
				CLANG_ANALYZER_NUMBER_OBJECT_CONVERSION = YES_AGGRESSIVE;
				CLANG_CXX_LANGUAGE_STANDARD = "gnu++14";
				CLANG_CXX_LIBRARY = "libc++";
				CLANG_ENABLE_MODULES = YES;
				CLANG_ENABLE_OBJC_ARC = YES;
				CLANG_ENABLE_OBJC_WEAK = YES;
				CLANG_WARN_BLOCK_CAPTURE_AUTORELEASING = YES;
				CLANG_WARN_BOOL_CONVERSION = YES;
				CLANG_WARN_COMMA = YES;
				CLANG_WARN_CONSTANT_CONVERSION = YES;
				CLANG_WARN_DEPRECATED_OBJC_IMPLEMENTATIONS = YES;
				CLANG_WARN_DIRECT_OBJC_ISA_USAGE = YES_ERROR;
				CLANG_WARN_DOCUMENTATION_COMMENTS = YES;
				CLANG_WARN_EMPTY_BODY = YES;
				CLANG_WARN_ENUM_CONVERSION = YES;
				CLANG_WARN_INFINITE_RECURSION = YES;
				CLANG_WARN_INT_CONVERSION = YES;
				CLANG_WARN_NON_LITERAL_NULL_CONVERSION = YES;
				CLANG_WARN_OBJC_IMPLICIT_RETAIN_SELF = YES;
				CLANG_WARN_OBJC_LITERAL_CONVERSION = YES;
				CLANG_WARN_OBJC_ROOT_CLASS = YES_ERROR;
				CLANG_WARN_RANGE_LOOP_ANALYSIS = YES;
				CLANG_WARN_STRICT_PROTOTYPES = YES;
				CLANG_WARN_SUSPICIOUS_MOVE = YES;
				CLANG_WARN_UNGUARDED_AVAILABILITY = YES_AGGRESSIVE;
				CLANG_WARN_UNREACHABLE_CODE = YES;
				CLANG_WARN__DUPLICATE_METHOD_MATCH = YES;
				CODE_SIGN_IDENTITY = "iPhone Developer";
				COPY_PHASE_STRIP = NO;
				DEBUG_INFORMATION_FORMAT = "dwarf-with-dsym";
				ENABLE_NS_ASSERTIONS = NO;
				ENABLE_STRICT_OBJC_MSGSEND = YES;
				GCC_C_LANGUAGE_STANDARD = gnu11;
				GCC_NO_COMMON_BLOCKS = YES;
				GCC_WARN_64_TO_32_BIT_CONVERSION = YES;
				GCC_WARN_ABOUT_RETURN_TYPE = YES_ERROR;
				GCC_WARN_UNDECLARED_SELECTOR = YES;
				GCC_WARN_UNINITIALIZED_AUTOS = YES_AGGRESSIVE;
				GCC_WARN_UNUSED_FUNCTION = YES;
				GCC_WARN_UNUSED_VARIABLE = YES;
				IPHONEOS_DEPLOYMENT_TARGET = 11.4;
				MTL_ENABLE_DEBUG_INFO = NO;
				SDKROOT = iphoneos;
				VALIDATE_PRODUCT = YES;
			};
			name = Release;
		};
		D4635A7F20CBA76B00EEDFF7 /* Debug */ = {
			isa = XCBuildConfiguration;
			buildSettings = {
				ASSETCATALOG_COMPILER_APPICON_NAME = AppIcon;
				CODE_SIGN_STYLE = Automatic;
				INFOPLIST_FILE = TTImageClipper/Info.plist;
				LD_RUNPATH_SEARCH_PATHS = (
					"$(inherited)",
					"@executable_path/Frameworks",
				);
				PRODUCT_BUNDLE_IDENTIFIER = com.tanson.TTImageClipper;
				PRODUCT_NAME = "$(TARGET_NAME)";
				TARGETED_DEVICE_FAMILY = "1,2";
			};
			name = Debug;
		};
		D4635A8020CBA76B00EEDFF7 /* Release */ = {
			isa = XCBuildConfiguration;
			buildSettings = {
				ASSETCATALOG_COMPILER_APPICON_NAME = AppIcon;
				CODE_SIGN_STYLE = Automatic;
				INFOPLIST_FILE = TTImageClipper/Info.plist;
				LD_RUNPATH_SEARCH_PATHS = (
					"$(inherited)",
					"@executable_path/Frameworks",
				);
				PRODUCT_BUNDLE_IDENTIFIER = com.tanson.TTImageClipper;
				PRODUCT_NAME = "$(TARGET_NAME)";
				TARGETED_DEVICE_FAMILY = "1,2";
			};
			name = Release;
		};
/* End XCBuildConfiguration section */

/* Begin XCConfigurationList section */
		D4635A6320CBA76A00EEDFF7 /* Build configuration list for PBXProject "TTImageClipper" */ = {
			isa = XCConfigurationList;
			buildConfigurations = (
				D4635A7C20CBA76B00EEDFF7 /* Debug */,
				D4635A7D20CBA76B00EEDFF7 /* Release */,
			);
			defaultConfigurationIsVisible = 0;
			defaultConfigurationName = Release;
		};
		D4635A7E20CBA76B00EEDFF7 /* Build configuration list for PBXNativeTarget "TTImageClipper" */ = {
			isa = XCConfigurationList;
			buildConfigurations = (
				D4635A7F20CBA76B00EEDFF7 /* Debug */,
				D4635A8020CBA76B00EEDFF7 /* Release */,
			);
			defaultConfigurationIsVisible = 0;
			defaultConfigurationName = Release;
		};
/* End XCConfigurationList section */
	};
	rootObject = D4635A6020CBA76A00EEDFF7 /* Project object */;
}
